
Microsoft Visual Studio Solution File, Format Version 12.00
# Visual Studio Version 16
VisualStudioVersion = 16.0.29609.76
MinimumVisualStudioVersion = 10.0.40219.1
Project("{FAE04EC0-301F-11D3-BF4B-00C04F79EFBC}") = "ConsoleUI", "ConsoleUI\ConsoleUI.csproj", "{729EC639-8587-4AD7-B1D1-58FEB7CBA192}"
EndProject
Project("{FAE04EC0-301F-11D3-BF4B-00C04F79EFBC}") = "HelperLibrary", "HelperLibrary\HelperLibrary.csproj", "{9245E3B6-599D-4BC9-A5B6-9F5D56898B80}"
EndProject
Global
	GlobalSection(SolutionConfigurationPlatforms) = preSolution
		Debug|Any CPU = Debug|Any CPU
		Release|Any CPU = Release|Any CPU
	EndGlobalSection
	GlobalSection(ProjectConfigurationPlatforms) = postSolution
		{729EC639-8587-4AD7-B1D1-58FEB7CBA192}.Debug|Any CPU.ActiveCfg = Debug|Any CPU
		{729EC639-8587-4AD7-B1D1-58FEB7CBA192}.Debug|Any CPU.Build.0 = Debug|Any CPU
		{729EC639-8587-4AD7-B1D1-58FEB7CBA192}.Release|Any CPU.ActiveCfg = Release|Any CPU
		{729EC639-8587-4AD7-B1D1-58FEB7CBA192}.Release|Any CPU.Build.0 = Release|Any CPU
		{9245E3B6-599D-4BC9-A5B6-9F5D56898B80}.Debug|Any CPU.ActiveCfg = Debug|Any CPU
		{9245E3B6-599D-4BC9-A5B6-9F5D56898B80}.Debug|Any CPU.Build.0 = Debug|Any CPU
		{9245E3B6-599D-4BC9-A5B6-9F5D56898B80}.Release|Any CPU.ActiveCfg = Release|Any CPU
		{9245E3B6-599D-4BC9-A5B6-9F5D56898B80}.Release|Any CPU.Build.0 = Release|Any CPU
	EndGlobalSection
	GlobalSection(SolutionProperties) = preSolution
		HideSolutionNode = FALSE
	EndGlobalSection
	GlobalSection(ExtensibilityGlobals) = postSolution
		SolutionGuid = {49BFE689-6933-4892-B3E2-F869D71CD2E4}
	EndGlobalSection
EndGlobal
